<Solution>
  <Folder Name="/Analyzers/">
    <Project Path="InteractionFlow.Analyzers.Tests/InteractionFlow.Analyzers.Tests.csproj" />
    <Project Path="InteractionFlow.Analyzers/InteractionFlow.Analyzers.csproj" />
  </Folder>
  <Folder Name="/Main/">
    <Project Path="InteractionFlow.Core/InteractionFlow.Core.csproj" />
    <Project Path="InteractionFlow.Standard/InteractionFlow.Standard.csproj" />
  </Folder>
  <Folder Name="/Samples/">
    <Project Path="InteractionFlow.Samples.Notepad/InteractionFlow.Samples.Notepad.csproj" Id="372df045-4694-4d7c-a318-d0c5f78d234e" />
    <Project Path="InteractionFlow.Samples.Parrot/InteractionFlow.Samples.Parrot.csproj" />
  </Folder>
  <Folder Name="/_Documents/">
    <Project Path="docs/IDEView.csproj" />
  </Folder>
  <Folder Name="/_RootItems/">
    <File Path=".editorconfig" />
    <File Path=".gitattributes" />
    <File Path=".gitignore" />
    <File Path="Directory.Build.props" />
  </Folder>
</Solution>
